
Microsoft Visual Studio Solution File, Format Version 12.00
# Visual Studio 15
VisualStudioVersion = 15.0.27428.2005
MinimumVisualStudioVersion = 10.0.40219.1
Project("{FAE04EC0-301F-11D3-BF4B-00C04F79EFBC}") = "Multiplies of 3 and 5", "Multiplies of 3 and 5\Multiplies of 3 and 5.csproj", "{54DE5410-78F2-4062-ADF0-8C954A02CF71}"
EndProject
Global
	GlobalSection(SolutionConfigurationPlatforms) = preSolution
		Debug|Any CPU = Debug|Any CPU
		Release|Any CPU = Release|Any CPU
	EndGlobalSection
	GlobalSection(ProjectConfigurationPlatforms) = postSolution
		{54DE5410-78F2-4062-ADF0-8C954A02CF71}.Debug|Any CPU.ActiveCfg = Debug|Any CPU
		{54DE5410-78F2-4062-ADF0-8C954A02CF71}.Debug|Any CPU.Build.0 = Debug|Any CPU
		{54DE5410-78F2-4062-ADF0-8C954A02CF71}.Release|Any CPU.ActiveCfg = Release|Any CPU
		{54DE5410-78F2-4062-ADF0-8C954A02CF71}.Release|Any CPU.Build.0 = Release|Any CPU
	EndGlobalSection
	GlobalSection(SolutionProperties) = preSolution
		HideSolutionNode = FALSE
	EndGlobalSection
	GlobalSection(ExtensibilityGlobals) = postSolution
		SolutionGuid = {F226CC9B-E308-4447-BB2F-2E83EEF5CA10}
	EndGlobalSection
EndGlobal
