
Microsoft Visual Studio Solution File, Format Version 12.00
# Visual Studio 15
VisualStudioVersion = 15.0.27428.2005
MinimumVisualStudioVersion = 10.0.40219.1
Project("{FAE04EC0-301F-11D3-BF4B-00C04F79EFBC}") = "Create Phone Number", "Create Phone Number\Create Phone Number.csproj", "{AD371553-FB3A-4D1A-AA70-67935232B89E}"
EndProject
Project("{FAE04EC0-301F-11D3-BF4B-00C04F79EFBC}") = "CreatePhoneNumber.tests", "CreatePhoneNumber.tests\CreatePhoneNumber.tests.csproj", "{CE5CB4DE-47A2-4609-9261-9944653F894C}"
EndProject
Global
	GlobalSection(SolutionConfigurationPlatforms) = preSolution
		Debug|Any CPU = Debug|Any CPU
		Release|Any CPU = Release|Any CPU
	EndGlobalSection
	GlobalSection(ProjectConfigurationPlatforms) = postSolution
		{AD371553-FB3A-4D1A-AA70-67935232B89E}.Debug|Any CPU.ActiveCfg = Debug|Any CPU
		{AD371553-FB3A-4D1A-AA70-67935232B89E}.Debug|Any CPU.Build.0 = Debug|Any CPU
		{AD371553-FB3A-4D1A-AA70-67935232B89E}.Release|Any CPU.ActiveCfg = Release|Any CPU
		{AD371553-FB3A-4D1A-AA70-67935232B89E}.Release|Any CPU.Build.0 = Release|Any CPU
		{CE5CB4DE-47A2-4609-9261-9944653F894C}.Debug|Any CPU.ActiveCfg = Debug|Any CPU
		{CE5CB4DE-47A2-4609-9261-9944653F894C}.Debug|Any CPU.Build.0 = Debug|Any CPU
		{CE5CB4DE-47A2-4609-9261-9944653F894C}.Release|Any CPU.ActiveCfg = Release|Any CPU
		{CE5CB4DE-47A2-4609-9261-9944653F894C}.Release|Any CPU.Build.0 = Release|Any CPU
	EndGlobalSection
	GlobalSection(SolutionProperties) = preSolution
		HideSolutionNode = FALSE
	EndGlobalSection
	GlobalSection(ExtensibilityGlobals) = postSolution
		SolutionGuid = {DD3104C0-1C5C-4E91-A80A-B7E026B2D512}
	EndGlobalSection
EndGlobal
