
Microsoft Visual Studio Solution File, Format Version 12.00
# Visual Studio 15
VisualStudioVersion = 15.0.27428.2005
MinimumVisualStudioVersion = 10.0.40219.1
Project("{FAE04EC0-301F-11D3-BF4B-00C04F79EFBC}") = "Find The Odd Int", "Find The Odd Int\Find The Odd Int.csproj", "{49D3281C-B3B3-4A43-9452-D805B9375DEF}"
EndProject
Project("{FAE04EC0-301F-11D3-BF4B-00C04F79EFBC}") = "FindTheOddInT.Tests", "FindTheOddInT.Tests\FindTheOddInT.Tests.csproj", "{36B2CC41-C204-40FC-AF29-6AC0A254CBC2}"
EndProject
Global
	GlobalSection(SolutionConfigurationPlatforms) = preSolution
		Debug|Any CPU = Debug|Any CPU
		Release|Any CPU = Release|Any CPU
	EndGlobalSection
	GlobalSection(ProjectConfigurationPlatforms) = postSolution
		{49D3281C-B3B3-4A43-9452-D805B9375DEF}.Debug|Any CPU.ActiveCfg = Debug|Any CPU
		{49D3281C-B3B3-4A43-9452-D805B9375DEF}.Debug|Any CPU.Build.0 = Debug|Any CPU
		{49D3281C-B3B3-4A43-9452-D805B9375DEF}.Release|Any CPU.ActiveCfg = Release|Any CPU
		{49D3281C-B3B3-4A43-9452-D805B9375DEF}.Release|Any CPU.Build.0 = Release|Any CPU
		{36B2CC41-C204-40FC-AF29-6AC0A254CBC2}.Debug|Any CPU.ActiveCfg = Debug|Any CPU
		{36B2CC41-C204-40FC-AF29-6AC0A254CBC2}.Debug|Any CPU.Build.0 = Debug|Any CPU
		{36B2CC41-C204-40FC-AF29-6AC0A254CBC2}.Release|Any CPU.ActiveCfg = Release|Any CPU
		{36B2CC41-C204-40FC-AF29-6AC0A254CBC2}.Release|Any CPU.Build.0 = Release|Any CPU
	EndGlobalSection
	GlobalSection(SolutionProperties) = preSolution
		HideSolutionNode = FALSE
	EndGlobalSection
	GlobalSection(ExtensibilityGlobals) = postSolution
		SolutionGuid = {9CE7DED5-FC59-4205-865B-878B38A4A47B}
	EndGlobalSection
EndGlobal
